// !$*UTF8*$!
{
	archiveVersion = 1;
	classes = {
	};
	objectVersion = 46;
	objects = {

/* Begin PBXBuildFile section */
		7059891919E333D900742C32 /* HomeTimeLineViewController.swift in Sources */ = {isa = PBXBuildFile; fileRef = 7059891819E333D900742C32 /* HomeTimeLineViewController.swift */; };
		7059891B19E3353500742C32 /* tweet.json in Resources */ = {isa = PBXBuildFile; fileRef = 7059891A19E3353500742C32 /* tweet.json */; };
		7059891D19E336AB00742C32 /* Tweet.swift in Sources */ = {isa = PBXBuildFile; fileRef = 7059891C19E336AB00742C32 /* Tweet.swift */; };
		70BC1FF419E331730062BA6C /* AppDelegate.swift in Sources */ = {isa = PBXBuildFile; fileRef = 70BC1FF319E331730062BA6C /* AppDelegate.swift */; };
		70BC1FF719E331730062BA6C /* MyTwitterClone.xcdatamodeld in Sources */ = {isa = PBXBuildFile; fileRef = 70BC1FF519E331730062BA6C /* MyTwitterClone.xcdatamodeld */; };
		70BC1FFC19E331730062BA6C /* Main.storyboard in Resources */ = {isa = PBXBuildFile; fileRef = 70BC1FFA19E331730062BA6C /* Main.storyboard */; };
		70BC1FFE19E331730062BA6C /* Images.xcassets in Resources */ = {isa = PBXBuildFile; fileRef = 70BC1FFD19E331730062BA6C /* Images.xcassets */; };
		70BC200119E331730062BA6C /* LaunchScreen.xib in Resources */ = {isa = PBXBuildFile; fileRef = 70BC1FFF19E331730062BA6C /* LaunchScreen.xib */; };
		70BC200D19E331740062BA6C /* MyTwitterCloneTests.swift in Sources */ = {isa = PBXBuildFile; fileRef = 70BC200C19E331740062BA6C /* MyTwitterCloneTests.swift */; };
/* End PBXBuildFile section */

/* Begin PBXContainerItemProxy section */
		70BC200719E331740062BA6C /* PBXContainerItemProxy */ = {
			isa = PBXContainerItemProxy;
			containerPortal = 70BC1FE619E331730062BA6C /* Project object */;
			proxyType = 1;
			remoteGlobalIDString = 70BC1FED19E331730062BA6C;
			remoteInfo = MyTwitterClone;
		};
/* End PBXContainerItemProxy section */

/* Begin PBXFileReference section */
		7059891819E333D900742C32 /* HomeTimeLineViewController.swift */ = {isa = PBXFileReference; fileEncoding = 4; lastKnownFileType = sourcecode.swift; path = HomeTimeLineViewController.swift; sourceTree = "<group>"; };
		7059891A19E3353500742C32 /* tweet.json */ = {isa = PBXFileReference; fileEncoding = 4; lastKnownFileType = text.json; path = tweet.json; sourceTree = "<group>"; };
		7059891C19E336AB00742C32 /* Tweet.swift */ = {isa = PBXFileReference; fileEncoding = 4; lastKnownFileType = sourcecode.swift; path = Tweet.swift; sourceTree = "<group>"; };
		70BC1FEE19E331730062BA6C /* MyTwitterClone.app */ = {isa = PBXFileReference; explicitFileType = wrapper.application; includeInIndex = 0; path = MyTwitterClone.app; sourceTree = BUILT_PRODUCTS_DIR; };
		70BC1FF219E331730062BA6C /* Info.plist */ = {isa = PBXFileReference; lastKnownFileType = text.plist.xml; path = Info.plist; sourceTree = "<group>"; };
		70BC1FF319E331730062BA6C /* AppDelegate.swift */ = {isa = PBXFileReference; lastKnownFileType = sourcecode.swift; path = AppDelegate.swift; sourceTree = "<group>"; };
		70BC1FF619E331730062BA6C /* MyTwitterClone.xcdatamodel */ = {isa = PBXFileReference; lastKnownFileType = wrapper.xcdatamodel; path = MyTwitterClone.xcdatamodel; sourceTree = "<group>"; };
		70BC1FFB19E331730062BA6C /* Base */ = {isa = PBXFileReference; lastKnownFileType = file.storyboard; name = Base; path = Base.lproj/Main.storyboard; sourceTree = "<group>"; };
		70BC1FFD19E331730062BA6C /* Images.xcassets */ = {isa = PBXFileReference; lastKnownFileType = folder.assetcatalog; path = Images.xcassets; sourceTree = "<group>"; };
		70BC200019E331730062BA6C /* Base */ = {isa = PBXFileReference; lastKnownFileType = file.xib; name = Base; path = Base.lproj/LaunchScreen.xib; sourceTree = "<group>"; };
		70BC200619E331740062BA6C /* MyTwitterCloneTests.xctest */ = {isa = PBXFileReference; explicitFileType = wrapper.cfbundle; includeInIndex = 0; path = MyTwitterCloneTests.xctest; sourceTree = BUILT_PRODUCTS_DIR; };
		70BC200B19E331740062BA6C /* Info.plist */ = {isa = PBXFileReference; lastKnownFileType = text.plist.xml; path = Info.plist; sourceTree = "<group>"; };
		70BC200C19E331740062BA6C /* MyTwitterCloneTests.swift */ = {isa = PBXFileReference; lastKnownFileType = sourcecode.swift; path = MyTwitterCloneTests.swift; sourceTree = "<group>"; };
/* End PBXFileReference section */

/* Begin PBXFrameworksBuildPhase section */
		70BC1FEB19E331730062BA6C /* Frameworks */ = {
			isa = PBXFrameworksBuildPhase;
			buildActionMask = 2147483647;
			files = (
			);
			runOnlyForDeploymentPostprocessing = 0;
		};
		70BC200319E331740062BA6C /* Frameworks */ = {
			isa = PBXFrameworksBuildPhase;
			buildActionMask = 2147483647;
			files = (
			);
			runOnlyForDeploymentPostprocessing = 0;
		};
/* End PBXFrameworksBuildPhase section */

/* Begin PBXGroup section */
		7059891319E3327600742C32 /* Controller Layer */ = {
			isa = PBXGroup;
			children = (
				7059891819E333D900742C32 /* HomeTimeLineViewController.swift */,
			);
			name = "Controller Layer";
			sourceTree = "<group>";
		};
		7059891419E3328200742C32 /* Model Layer */ = {
			isa = PBXGroup;
			children = (
				7059891C19E336AB00742C32 /* Tweet.swift */,
			);
			name = "Model Layer";
			sourceTree = "<group>";
		};
		7059891519E3328B00742C32 /* View Layer */ = {
			isa = PBXGroup;
			children = (
			);
			name = "View Layer";
			sourceTree = "<group>";
		};
		70BC1FE519E331730062BA6C = {
			isa = PBXGroup;
			children = (
				70BC1FF019E331730062BA6C /* MyTwitterClone */,
				70BC200919E331740062BA6C /* MyTwitterCloneTests */,
				70BC1FEF19E331730062BA6C /* Products */,
			);
			sourceTree = "<group>";
		};
		70BC1FEF19E331730062BA6C /* Products */ = {
			isa = PBXGroup;
			children = (
				70BC1FEE19E331730062BA6C /* MyTwitterClone.app */,
				70BC200619E331740062BA6C /* MyTwitterCloneTests.xctest */,
			);
			name = Products;
			sourceTree = "<group>";
		};
		70BC1FF019E331730062BA6C /* MyTwitterClone */ = {
			isa = PBXGroup;
			children = (
				70BC1FF319E331730062BA6C /* AppDelegate.swift */,
				7059891319E3327600742C32 /* Controller Layer */,
				7059891519E3328B00742C32 /* View Layer */,
				7059891419E3328200742C32 /* Model Layer */,
				70BC1FFA19E331730062BA6C /* Main.storyboard */,
				70BC1FFD19E331730062BA6C /* Images.xcassets */,
				70BC1FFF19E331730062BA6C /* LaunchScreen.xib */,
				7059891A19E3353500742C32 /* tweet.json */,
				70BC1FF519E331730062BA6C /* MyTwitterClone.xcdatamodeld */,
				70BC1FF119E331730062BA6C /* Supporting Files */,
			);
			path = MyTwitterClone;
			sourceTree = "<group>";
		};
		70BC1FF119E331730062BA6C /* Supporting Files */ = {
			isa = PBXGroup;
			children = (
				70BC1FF219E331730062BA6C /* Info.plist */,
			);
			name = "Supporting Files";
			sourceTree = "<group>";
		};
		70BC200919E331740062BA6C /* MyTwitterCloneTests */ = {
			isa = PBXGroup;
			children = (
				70BC200C19E331740062BA6C /* MyTwitterCloneTests.swift */,
				70BC200A19E331740062BA6C /* Supporting Files */,
			);
			path = MyTwitterCloneTests;
			sourceTree = "<group>";
		};
		70BC200A19E331740062BA6C /* Supporting Files */ = {
			isa = PBXGroup;
			children = (
				70BC200B19E331740062BA6C /* Info.plist */,
			);
			name = "Supporting Files";
			sourceTree = "<group>";
		};
/* End PBXGroup section */

/* Begin PBXNativeTarget section */
		70BC1FED19E331730062BA6C /* MyTwitterClone */ = {
			isa = PBXNativeTarget;
			buildConfigurationList = 70BC201019E331740062BA6C /* Build configuration list for PBXNativeTarget "MyTwitterClone" */;
			buildPhases = (
				70BC1FEA19E331730062BA6C /* Sources */,
				70BC1FEB19E331730062BA6C /* Frameworks */,
				70BC1FEC19E331730062BA6C /* Resources */,
			);
			buildRules = (
			);
			dependencies = (
			);
			name = MyTwitterClone;
			productName = MyTwitterClone;
			productReference = 70BC1FEE19E331730062BA6C /* MyTwitterClone.app */;
			productType = "com.apple.product-type.application";
		};
		70BC200519E331740062BA6C /* MyTwitterCloneTests */ = {
			isa = PBXNativeTarget;
			buildConfigurationList = 70BC201319E331740062BA6C /* Build configuration list for PBXNativeTarget "MyTwitterCloneTests" */;
			buildPhases = (
				70BC200219E331740062BA6C /* Sources */,
				70BC200319E331740062BA6C /* Frameworks */,
				70BC200419E331740062BA6C /* Resources */,
			);
			buildRules = (
			);
			dependencies = (
				70BC200819E331740062BA6C /* PBXTargetDependency */,
			);
			name = MyTwitterCloneTests;
			productName = MyTwitterCloneTests;
			productReference = 70BC200619E331740062BA6C /* MyTwitterCloneTests.xctest */;
			productType = "com.apple.product-type.bundle.unit-test";
		};
/* End PBXNativeTarget section */

/* Begin PBXProject section */
		70BC1FE619E331730062BA6C /* Project object */ = {
			isa = PBXProject;
			attributes = {
				LastUpgradeCheck = 0600;
				ORGANIZATIONNAME = Randall;
				TargetAttributes = {
					70BC1FED19E331730062BA6C = {
						CreatedOnToolsVersion = 6.0.1;
					};
					70BC200519E331740062BA6C = {
						CreatedOnToolsVersion = 6.0.1;
						TestTargetID = 70BC1FED19E331730062BA6C;
					};
				};
			};
			buildConfigurationList = 70BC1FE919E331730062BA6C /* Build configuration list for PBXProject "MyTwitterClone" */;
			compatibilityVersion = "Xcode 3.2";
			developmentRegion = English;
			hasScannedForEncodings = 0;
			knownRegions = (
				en,
				Base,
			);
			mainGroup = 70BC1FE519E331730062BA6C;
			productRefGroup = 70BC1FEF19E331730062BA6C /* Products */;
			projectDirPath = "";
			projectRoot = "";
			targets = (
				70BC1FED19E331730062BA6C /* MyTwitterClone */,
				70BC200519E331740062BA6C /* MyTwitterCloneTests */,
			);
		};
/* End PBXProject section */

/* Begin PBXResourcesBuildPhase section */
		70BC1FEC19E331730062BA6C /* Resources */ = {
			isa = PBXResourcesBuildPhase;
			buildActionMask = 2147483647;
			files = (
				70BC1FFC19E331730062BA6C /* Main.storyboard in Resources */,
				70BC200119E331730062BA6C /* LaunchScreen.xib in Resources */,
				70BC1FFE19E331730062BA6C /* Images.xcassets in Resources */,
				7059891B19E3353500742C32 /* tweet.json in Resources */,
			);
			runOnlyForDeploymentPostprocessing = 0;
		};
		70BC200419E331740062BA6C /* Resources */ = {
			isa = PBXResourcesBuildPhase;
			buildActionMask = 2147483647;
			files = (
			);
			runOnlyForDeploymentPostprocessing = 0;
		};
/* End PBXResourcesBuildPhase section */

/* Begin PBXSourcesBuildPhase section */
		70BC1FEA19E331730062BA6C /* Sources */ = {
			isa = PBXSourcesBuildPhase;
			buildActionMask = 2147483647;
			files = (
				70BC1FF419E331730062BA6C /* AppDelegate.swift in Sources */,
				70BC1FF719E331730062BA6C /* MyTwitterClone.xcdatamodeld in Sources */,
				7059891919E333D900742C32 /* HomeTimeLineViewController.swift in Sources */,
				7059891D19E336AB00742C32 /* Tweet.swift in Sources */,
			);
			runOnlyForDeploymentPostprocessing = 0;
		};
		70BC200219E331740062BA6C /* Sources */ = {
			isa = PBXSourcesBuildPhase;
			buildActionMask = 2147483647;
			files = (
				70BC200D19E331740062BA6C /* MyTwitterCloneTests.swift in Sources */,
			);
			runOnlyForDeploymentPostprocessing = 0;
		};
/* End PBXSourcesBuildPhase section */

/* Begin PBXTargetDependency section */
		70BC200819E331740062BA6C /* PBXTargetDependency */ = {
			isa = PBXTargetDependency;
			target = 70BC1FED19E331730062BA6C /* MyTwitterClone */;
			targetProxy = 70BC200719E331740062BA6C /* PBXContainerItemProxy */;
		};
/* End PBXTargetDependency section */

/* Begin PBXVariantGroup section */
		70BC1FFA19E331730062BA6C /* Main.storyboard */ = {
			isa = PBXVariantGroup;
			children = (
				70BC1FFB19E331730062BA6C /* Base */,
			);
			name = Main.storyboard;
			sourceTree = "<group>";
		};
		70BC1FFF19E331730062BA6C /* LaunchScreen.xib */ = {
			isa = PBXVariantGroup;
			children = (
				70BC200019E331730062BA6C /* Base */,
			);
			name = LaunchScreen.xib;
			sourceTree = "<group>";
		};
/* End PBXVariantGroup section */

/* Begin XCBuildConfiguration section */
		70BC200E19E331740062BA6C /* Debug */ = {
			isa = XCBuildConfiguration;
			buildSettings = {
				ALWAYS_SEARCH_USER_PATHS = NO;
				CLANG_CXX_LANGUAGE_STANDARD = "gnu++0x";
				CLANG_CXX_LIBRARY = "libc++";
				CLANG_ENABLE_MODULES = YES;
				CLANG_ENABLE_OBJC_ARC = YES;
				CLANG_WARN_BOOL_CONVERSION = YES;
				CLANG_WARN_CONSTANT_CONVERSION = YES;
				CLANG_WARN_DIRECT_OBJC_ISA_USAGE = YES_ERROR;
				CLANG_WARN_EMPTY_BODY = YES;
				CLANG_WARN_ENUM_CONVERSION = YES;
				CLANG_WARN_INT_CONVERSION = YES;
				CLANG_WARN_OBJC_ROOT_CLASS = YES_ERROR;
				CLANG_WARN_UNREACHABLE_CODE = YES;
				CLANG_WARN__DUPLICATE_METHOD_MATCH = YES;
				"CODE_SIGN_IDENTITY[sdk=iphoneos*]" = "iPhone Developer";
				COPY_PHASE_STRIP = NO;
				ENABLE_STRICT_OBJC_MSGSEND = YES;
				GCC_C_LANGUAGE_STANDARD = gnu99;
				GCC_DYNAMIC_NO_PIC = NO;
				GCC_OPTIMIZATION_LEVEL = 0;
				GCC_PREPROCESSOR_DEFINITIONS = (
					"DEBUG=1",
					"$(inherited)",
				);
				GCC_SYMBOLS_PRIVATE_EXTERN = NO;
				GCC_WARN_64_TO_32_BIT_CONVERSION = YES;
				GCC_WARN_ABOUT_RETURN_TYPE = YES_ERROR;
				GCC_WARN_UNDECLARED_SELECTOR = YES;
				GCC_WARN_UNINITIALIZED_AUTOS = YES_AGGRESSIVE;
				GCC_WARN_UNUSED_FUNCTION = YES;
				GCC_WARN_UNUSED_VARIABLE = YES;
				IPHONEOS_DEPLOYMENT_TARGET = 8.0;
				MTL_ENABLE_DEBUG_INFO = YES;
				ONLY_ACTIVE_ARCH = YES;
				SDKROOT = iphoneos;
				SWIFT_OPTIMIZATION_LEVEL = "-Onone";
			};
			name = Debug;
		};
		70BC200F19E331740062BA6C /* Release */ = {
			isa = XCBuildConfiguration;
			buildSettings = {
				ALWAYS_SEARCH_USER_PATHS = NO;
				CLANG_CXX_LANGUAGE_STANDARD = "gnu++0x";
				CLANG_CXX_LIBRARY = "libc++";
				CLANG_ENABLE_MODULES = YES;
				CLANG_ENABLE_OBJC_ARC = YES;
				CLANG_WARN_BOOL_CONVERSION = YES;
				CLANG_WARN_CONSTANT_CONVERSION = YES;
				CLANG_WARN_DIRECT_OBJC_ISA_USAGE = YES_ERROR;
				CLANG_WARN_EMPTY_BODY = YES;
				CLANG_WARN_ENUM_CONVERSION = YES;
				CLANG_WARN_INT_CONVERSION = YES;
				CLANG_WARN_OBJC_ROOT_CLASS = YES_ERROR;
				CLANG_WARN_UNREACHABLE_CODE = YES;
				CLANG_WARN__DUPLICATE_METHOD_MATCH = YES;
				"CODE_SIGN_IDENTITY[sdk=iphoneos*]" = "iPhone Developer";
				COPY_PHASE_STRIP = YES;
				ENABLE_NS_ASSERTIONS = NO;
				ENABLE_STRICT_OBJC_MSGSEND = YES;
				GCC_C_LANGUAGE_STANDARD = gnu99;
				GCC_WARN_64_TO_32_BIT_CONVERSION = YES;
				GCC_WARN_ABOUT_RETURN_TYPE = YES_ERROR;
				GCC_WARN_UNDECLARED_SELECTOR = YES;
				GCC_WARN_UNINITIALIZED_AUTOS = YES_AGGRESSIVE;
				GCC_WARN_UNUSED_FUNCTION = YES;
				GCC_WARN_UNUSED_VARIABLE = YES;
				IPHONEOS_DEPLOYMENT_TARGET = 8.0;
				MTL_ENABLE_DEBUG_INFO = NO;
				SDKROOT = iphoneos;
				VALIDATE_PRODUCT = YES;
			};
			name = Release;
		};
		70BC201119E331740062BA6C /* Debug */ = {
			isa = XCBuildConfiguration;
			buildSettings = {
				ASSETCATALOG_COMPILER_APPICON_NAME = AppIcon;
				INFOPLIST_FILE = MyTwitterClone/Info.plist;
				LD_RUNPATH_SEARCH_PATHS = "$(inherited) @executable_path/Frameworks";
				PRODUCT_NAME = "$(TARGET_NAME)";
			};
			name = Debug;
		};
		70BC201219E331740062BA6C /* Release */ = {
			isa = XCBuildConfiguration;
			buildSettings = {
				ASSETCATALOG_COMPILER_APPICON_NAME = AppIcon;
				INFOPLIST_FILE = MyTwitterClone/Info.plist;
				LD_RUNPATH_SEARCH_PATHS = "$(inherited) @executable_path/Frameworks";
				PRODUCT_NAME = "$(TARGET_NAME)";
			};
			name = Release;
		};
		70BC201419E331740062BA6C /* Debug */ = {
			isa = XCBuildConfiguration;
			buildSettings = {
				BUNDLE_LOADER = "$(TEST_HOST)";
				FRAMEWORK_SEARCH_PATHS = (
					"$(SDKROOT)/Developer/Library/Frameworks",
					"$(inherited)",
				);
				GCC_PREPROCESSOR_DEFINITIONS = (
					"DEBUG=1",
					"$(inherited)",
				);
				INFOPLIST_FILE = MyTwitterCloneTests/Info.plist;
				LD_RUNPATH_SEARCH_PATHS = "$(inherited) @executable_path/Frameworks @loader_path/Frameworks";
				PRODUCT_NAME = "$(TARGET_NAME)";
				TEST_HOST = "$(BUILT_PRODUCTS_DIR)/MyTwitterClone.app/MyTwitterClone";
			};
			name = Debug;
		};
		70BC201519E331740062BA6C /* Release */ = {
			isa = XCBuildConfiguration;
			buildSettings = {
				BUNDLE_LOADER = "$(TEST_HOST)";
				FRAMEWORK_SEARCH_PATHS = (
					"$(SDKROOT)/Developer/Library/Frameworks",
					"$(inherited)",
				);
				INFOPLIST_FILE = MyTwitterCloneTests/Info.plist;
				LD_RUNPATH_SEARCH_PATHS = "$(inherited) @executable_path/Frameworks @loader_path/Frameworks";
				PRODUCT_NAME = "$(TARGET_NAME)";
				TEST_HOST = "$(BUILT_PRODUCTS_DIR)/MyTwitterClone.app/MyTwitterClone";
			};
			name = Release;
		};
/* End XCBuildConfiguration section */

/* Begin XCConfigurationList section */
		70BC1FE919E331730062BA6C /* Build configuration list for PBXProject "MyTwitterClone" */ = {
			isa = XCConfigurationList;
			buildConfigurations = (
				70BC200E19E331740062BA6C /* Debug */,
				70BC200F19E331740062BA6C /* Release */,
			);
			defaultConfigurationIsVisible = 0;
			defaultConfigurationName = Release;
		};
		70BC201019E331740062BA6C /* Build configuration list for PBXNativeTarget "MyTwitterClone" */ = {
			isa = XCConfigurationList;
			buildConfigurations = (
				70BC201119E331740062BA6C /* Debug */,
				70BC201219E331740062BA6C /* Release */,
			);
			defaultConfigurationIsVisible = 0;
			defaultConfigurationName = Release;
		};
		70BC201319E331740062BA6C /* Build configuration list for PBXNativeTarget "MyTwitterCloneTests" */ = {
			isa = XCConfigurationList;
			buildConfigurations = (
				70BC201419E331740062BA6C /* Debug */,
				70BC201519E331740062BA6C /* Release */,
			);
			defaultConfigurationIsVisible = 0;
			defaultConfigurationName = Release;
		};
/* End XCConfigurationList section */

/* Begin XCVersionGroup section */
		70BC1FF519E331730062BA6C /* MyTwitterClone.xcdatamodeld */ = {
			isa = XCVersionGroup;
			children = (
				70BC1FF619E331730062BA6C /* MyTwitterClone.xcdatamodel */,
			);
			currentVersion = 70BC1FF619E331730062BA6C /* MyTwitterClone.xcdatamodel */;
			path = MyTwitterClone.xcdatamodeld;
			sourceTree = "<group>";
			versionGroupType = wrapper.xcdatamodel;
		};
/* End XCVersionGroup section */
	};
	rootObject = 70BC1FE619E331730062BA6C /* Project object */;
}
